
Microsoft Visual Studio Solution File, Format Version 12.00
# Visual Studio Version 16
VisualStudioVersion = 16.0.29102.190
MinimumVisualStudioVersion = 10.0.40219.1
Project("{2150E333-8FDC-42A3-9474-1A3956D46DE8}") = "3 - Domain", "3 - Domain", "{BFCD90B6-2E4C-4F28-A8B9-B49ED2DA56FD}"
EndProject
Project("{9A19103F-16F7-4668-BE54-9A1E7A4F7556}") = "Person.Domain", "Person.Domain\Person.Domain.csproj", "{4C2BBED6-BEE1-49C8-815F-44AF29C03B59}"
EndProject
Project("{FAE04EC0-301F-11D3-BF4B-00C04F79EFBC}") = "Person.API", "Person.API\Person.API.csproj", "{61F02943-0567-4765-B8EA-AF66AD812736}"
EndProject
Global
	GlobalSection(SolutionConfigurationPlatforms) = preSolution
		Debug|Any CPU = Debug|Any CPU
		Release|Any CPU = Release|Any CPU
	EndGlobalSection
	GlobalSection(ProjectConfigurationPlatforms) = postSolution
		{4C2BBED6-BEE1-49C8-815F-44AF29C03B59}.Debug|Any CPU.ActiveCfg = Debug|Any CPU
		{4C2BBED6-BEE1-49C8-815F-44AF29C03B59}.Debug|Any CPU.Build.0 = Debug|Any CPU
		{4C2BBED6-BEE1-49C8-815F-44AF29C03B59}.Release|Any CPU.ActiveCfg = Release|Any CPU
		{4C2BBED6-BEE1-49C8-815F-44AF29C03B59}.Release|Any CPU.Build.0 = Release|Any CPU
		{61F02943-0567-4765-B8EA-AF66AD812736}.Debug|Any CPU.ActiveCfg = Debug|Any CPU
		{61F02943-0567-4765-B8EA-AF66AD812736}.Debug|Any CPU.Build.0 = Debug|Any CPU
		{61F02943-0567-4765-B8EA-AF66AD812736}.Release|Any CPU.ActiveCfg = Release|Any CPU
		{61F02943-0567-4765-B8EA-AF66AD812736}.Release|Any CPU.Build.0 = Release|Any CPU
	EndGlobalSection
	GlobalSection(SolutionProperties) = preSolution
		HideSolutionNode = FALSE
	EndGlobalSection
	GlobalSection(NestedProjects) = preSolution
		{4C2BBED6-BEE1-49C8-815F-44AF29C03B59} = {BFCD90B6-2E4C-4F28-A8B9-B49ED2DA56FD}
	EndGlobalSection
	GlobalSection(ExtensibilityGlobals) = postSolution
		SolutionGuid = {6BBF9C85-488E-4465-B2EC-41CDA8C13447}
	EndGlobalSection
EndGlobal
